
Microsoft Visual Studio Solution File, Format Version 12.00
# Visual Studio Version 16
VisualStudioVersion = 16.0.30011.22
MinimumVisualStudioVersion = 10.0.40219.1
Project("{FAE04EC0-301F-11D3-BF4B-00C04F79EFBC}") = "LeraAlgoLab3", "LeraAlgoLab3\LeraAlgoLab3.csproj", "{8B58B2E3-BAAD-4F4E-A4F2-55EABC7D8CDD}"
EndProject
Global
	GlobalSection(SolutionConfigurationPlatforms) = preSolution
		Debug|Any CPU = Debug|Any CPU
		Release|Any CPU = Release|Any CPU
	EndGlobalSection
	GlobalSection(ProjectConfigurationPlatforms) = postSolution
		{8B58B2E3-BAAD-4F4E-A4F2-55EABC7D8CDD}.Debug|Any CPU.ActiveCfg = Debug|Any CPU
		{8B58B2E3-BAAD-4F4E-A4F2-55EABC7D8CDD}.Debug|Any CPU.Build.0 = Debug|Any CPU
		{8B58B2E3-BAAD-4F4E-A4F2-55EABC7D8CDD}.Release|Any CPU.ActiveCfg = Release|Any CPU
		{8B58B2E3-BAAD-4F4E-A4F2-55EABC7D8CDD}.Release|Any CPU.Build.0 = Release|Any CPU
	EndGlobalSection
	GlobalSection(SolutionProperties) = preSolution
		HideSolutionNode = FALSE
	EndGlobalSection
	GlobalSection(ExtensibilityGlobals) = postSolution
		SolutionGuid = {7F6A7957-A9CC-42FE-932C-82A7BEFD631C}
	EndGlobalSection
EndGlobal
